
Microsoft Visual Studio Solution File, Format Version 12.00
# Visual Studio Version 16
VisualStudioVersion = 16.0.30002.166
MinimumVisualStudioVersion = 10.0.40219.1
Project("{9A19103F-16F7-4668-BE54-9A1E7A4F7556}") = "MyWeatherService", "MyWeatherService\MyWeatherService.csproj", "{EC571867-8594-4C00-B16F-305384852816}"
EndProject
Project("{9A19103F-16F7-4668-BE54-9A1E7A4F7556}") = "MyWeatherDAL", "MyWeatherDAL\MyWeatherDAL.csproj", "{938B8431-5EE6-41D5-8EA4-B6179AC4AF87}"
EndProject
Project("{FAE04EC0-301F-11D3-BF4B-00C04F79EFBC}") = "MyWeatherApp", "MyWeatherApp\MyWeatherApp.csproj", "{FFAE4F30-FFE7-4AB3-95A2-52687263881E}"
EndProject
Project("{FAE04EC0-301F-11D3-BF4B-00C04F79EFBC}") = "MyWeatherCL", "MyWeatherCL\MyWeatherCL.csproj", "{2C2E11EF-B5F0-4B95-857F-8A98AF19D97E}"
EndProject
Global
	GlobalSection(SolutionConfigurationPlatforms) = preSolution
		Debug|Any CPU = Debug|Any CPU
		Release|Any CPU = Release|Any CPU
	EndGlobalSection
	GlobalSection(ProjectConfigurationPlatforms) = postSolution
		{EC571867-8594-4C00-B16F-305384852816}.Debug|Any CPU.ActiveCfg = Debug|Any CPU
		{EC571867-8594-4C00-B16F-305384852816}.Debug|Any CPU.Build.0 = Debug|Any CPU
		{EC571867-8594-4C00-B16F-305384852816}.Release|Any CPU.ActiveCfg = Release|Any CPU
		{EC571867-8594-4C00-B16F-305384852816}.Release|Any CPU.Build.0 = Release|Any CPU
		{938B8431-5EE6-41D5-8EA4-B6179AC4AF87}.Debug|Any CPU.ActiveCfg = Debug|Any CPU
		{938B8431-5EE6-41D5-8EA4-B6179AC4AF87}.Debug|Any CPU.Build.0 = Debug|Any CPU
		{938B8431-5EE6-41D5-8EA4-B6179AC4AF87}.Release|Any CPU.ActiveCfg = Release|Any CPU
		{938B8431-5EE6-41D5-8EA4-B6179AC4AF87}.Release|Any CPU.Build.0 = Release|Any CPU
		{FFAE4F30-FFE7-4AB3-95A2-52687263881E}.Debug|Any CPU.ActiveCfg = Debug|Any CPU
		{FFAE4F30-FFE7-4AB3-95A2-52687263881E}.Debug|Any CPU.Build.0 = Debug|Any CPU
		{FFAE4F30-FFE7-4AB3-95A2-52687263881E}.Release|Any CPU.ActiveCfg = Release|Any CPU
		{FFAE4F30-FFE7-4AB3-95A2-52687263881E}.Release|Any CPU.Build.0 = Release|Any CPU
		{2C2E11EF-B5F0-4B95-857F-8A98AF19D97E}.Debug|Any CPU.ActiveCfg = Debug|Any CPU
		{2C2E11EF-B5F0-4B95-857F-8A98AF19D97E}.Debug|Any CPU.Build.0 = Debug|Any CPU
		{2C2E11EF-B5F0-4B95-857F-8A98AF19D97E}.Release|Any CPU.ActiveCfg = Release|Any CPU
		{2C2E11EF-B5F0-4B95-857F-8A98AF19D97E}.Release|Any CPU.Build.0 = Release|Any CPU
	EndGlobalSection
	GlobalSection(SolutionProperties) = preSolution
		HideSolutionNode = FALSE
	EndGlobalSection
	GlobalSection(ExtensibilityGlobals) = postSolution
		SolutionGuid = {390ACDC1-4B75-41DA-B035-56D000652909}
	EndGlobalSection
EndGlobal
